
Microsoft Visual Studio Solution File, Format Version 12.00
# Visual Studio Version 16
VisualStudioVersion = 16.0.31702.278
MinimumVisualStudioVersion = 10.0.40219.1
Project("{FAE04EC0-301F-11D3-BF4B-00C04F79EFBC}") = "Lab3", "Lab3\Lab3.csproj", "{FC39D076-F8BC-4C26-8949-836D43F7C8D1}"
EndProject
Global
	GlobalSection(SolutionConfigurationPlatforms) = preSolution
		Debug|Any CPU = Debug|Any CPU
		Release|Any CPU = Release|Any CPU
	EndGlobalSection
	GlobalSection(ProjectConfigurationPlatforms) = postSolution
		{FC39D076-F8BC-4C26-8949-836D43F7C8D1}.Debug|Any CPU.ActiveCfg = Debug|Any CPU
		{FC39D076-F8BC-4C26-8949-836D43F7C8D1}.Debug|Any CPU.Build.0 = Debug|Any CPU
		{FC39D076-F8BC-4C26-8949-836D43F7C8D1}.Release|Any CPU.ActiveCfg = Release|Any CPU
		{FC39D076-F8BC-4C26-8949-836D43F7C8D1}.Release|Any CPU.Build.0 = Release|Any CPU
	EndGlobalSection
	GlobalSection(SolutionProperties) = preSolution
		HideSolutionNode = FALSE
	EndGlobalSection
	GlobalSection(ExtensibilityGlobals) = postSolution
		SolutionGuid = {477B330A-51E2-489D-A57E-D525D4F9DF01}
	EndGlobalSection
EndGlobal
